
Microsoft Visual Studio Solution File, Format Version 12.00
# Visual Studio 15
VisualStudioVersion = 15.0.28307.271
MinimumVisualStudioVersion = 10.0.40219.1
Project("{FAE04EC0-301F-11D3-BF4B-00C04F79EFBC}") = "gpa-calculator", "gpa-calculator\gpa-calculator.csproj", "{8EAB6D13-15E2-4B16-8153-B0F0C9881241}"
EndProject
Global
	GlobalSection(SolutionConfigurationPlatforms) = preSolution
		Debug|Any CPU = Debug|Any CPU
		Release|Any CPU = Release|Any CPU
	EndGlobalSection
	GlobalSection(ProjectConfigurationPlatforms) = postSolution
		{8EAB6D13-15E2-4B16-8153-B0F0C9881241}.Debug|Any CPU.ActiveCfg = Debug|Any CPU
		{8EAB6D13-15E2-4B16-8153-B0F0C9881241}.Debug|Any CPU.Build.0 = Debug|Any CPU
		{8EAB6D13-15E2-4B16-8153-B0F0C9881241}.Release|Any CPU.ActiveCfg = Release|Any CPU
		{8EAB6D13-15E2-4B16-8153-B0F0C9881241}.Release|Any CPU.Build.0 = Release|Any CPU
	EndGlobalSection
	GlobalSection(SolutionProperties) = preSolution
		HideSolutionNode = FALSE
	EndGlobalSection
	GlobalSection(ExtensibilityGlobals) = postSolution
		SolutionGuid = {C8524071-640C-4887-ACAB-B98EC058C62B}
	EndGlobalSection
EndGlobal
